
Microsoft Visual Studio Solution File, Format Version 12.00
# Visual Studio Version 17
VisualStudioVersion = 17.14.36518.9 d17.14
MinimumVisualStudioVersion = 10.0.40219.1
Project("{FAE04EC0-301F-11D3-BF4B-00C04F79EFBC}") = "BiblioTech", "BiblioTech\BiblioTech.csproj", "{F3AF6AAB-6C5C-467D-A2DE-851C0E0177FE}"
EndProject
Global
	GlobalSection(SolutionConfigurationPlatforms) = preSolution
		Debug|Any CPU = Debug|Any CPU
		Release|Any CPU = Release|Any CPU
	EndGlobalSection
	GlobalSection(ProjectConfigurationPlatforms) = postSolution
		{F3AF6AAB-6C5C-467D-A2DE-851C0E0177FE}.Debug|Any CPU.ActiveCfg = Debug|Any CPU
		{F3AF6AAB-6C5C-467D-A2DE-851C0E0177FE}.Debug|Any CPU.Build.0 = Debug|Any CPU
		{F3AF6AAB-6C5C-467D-A2DE-851C0E0177FE}.Release|Any CPU.ActiveCfg = Release|Any CPU
		{F3AF6AAB-6C5C-467D-A2DE-851C0E0177FE}.Release|Any CPU.Build.0 = Release|Any CPU
	EndGlobalSection
	GlobalSection(SolutionProperties) = preSolution
		HideSolutionNode = FALSE
	EndGlobalSection
	GlobalSection(ExtensibilityGlobals) = postSolution
		SolutionGuid = {F103B387-4043-46E9-B24F-E22A84B27CDB}
	EndGlobalSection
EndGlobal
